Microsoft Visual Studio Solution File, Format Version 12.00
# Visual Studio 15
Project("{8BC9CEB8-8B4A-11D0-8D11-00A0C91BC942}") = "ALL_BUILD", "ALL_BUILD.vcxproj", "{CFF7BB5F-C7E9-3838-9A36-A940CD34E911}"
	ProjectSection(ProjectDependencies) = postProject
		{81ACC19A-AF02-32E8-B6CF-D528C795BC26} = {81ACC19A-AF02-32E8-B6CF-D528C795BC26}
		{9C6CCC5C-EF00-305E-8C88-749FA057CD2C} = {9C6CCC5C-EF00-305E-8C88-749FA057CD2C}
		{EFB0B14E-2AC8-347B-AFA1-958289ED9682} = {EFB0B14E-2AC8-347B-AFA1-958289ED9682}
		{7A26A6FC-2D8A-3F2C-A3E8-BA2264038937} = {7A26A6FC-2D8A-3F2C-A3E8-BA2264038937}
		{6E37C931-7ED6-33BC-A9D8-865964258DD6} = {6E37C931-7ED6-33BC-A9D8-865964258DD6}
		{8BFAABC1-F668-3C85-A3DA-CA392866C07A} = {8BFAABC1-F668-3C85-A3DA-CA392866C07A}
		{D3049AC3-B72D-3670-8E99-DF27F77EBAFE} = {D3049AC3-B72D-3670-8E99-DF27F77EBAFE}
		{F7D57F57-0FCD-3E4A-8B1A-8F6C0E6CD404} = {F7D57F57-0FCD-3E4A-8B1A-8F6C0E6CD404}
		{2199B046-B14C-3FB4-95D8-C70BF61F4BFB} = {2199B046-B14C-3FB4-95D8-C70BF61F4BFB}
		{AC7BEE24-8B50-3A38-8CC7-19E3F76E5B43} = {AC7BEE24-8B50-3A38-8CC7-19E3F76E5B43}
		{6B71ADF8-7A06-32F3-9337-FE27A9061A2B} = {6B71ADF8-7A06-32F3-9337-FE27A9061A2B}
		{07767FF7-51F3-305A-8B63-EA31D62B31AE} = {07767FF7-51F3-305A-8B63-EA31D62B31AE}
		{A373FDA5-D24F-3173-BD4A-FC731BAA033D} = {A373FDA5-D24F-3173-BD4A-FC731BAA033D}
		{063428C1-F264-3AC3-8AED-D8C7134EB47C} = {063428C1-F264-3AC3-8AED-D8C7134EB47C}
		{A4498479-ECED-3C6F-BFC2-60D37F4A8670} = {A4498479-ECED-3C6F-BFC2-60D37F4A8670}
		{3CD2E15A-B7AC-3BA6-9C29-408AB48A1662} = {3CD2E15A-B7AC-3BA6-9C29-408AB48A1662}
		{5E581A7B-5980-3291-B19C-C3F262DB707D} = {5E581A7B-5980-3291-B19C-C3F262DB707D}
		{2FFAB410-A6F0-31DB-ACB6-F1885EF7A82E} = {2FFAB410-A6F0-31DB-ACB6-F1885EF7A82E}
		{EA3F36B0-2D8F-3519-B5FA-0D534C76CD43} = {EA3F36B0-2D8F-3519-B5FA-0D534C76CD43}
		{F67B06E9-A4AB-3BEF-A5B2-20790C84103F} = {F67B06E9-A4AB-3BEF-A5B2-20790C84103F}
		{38BB9D69-7801-34E3-846D-27BCCB4CB88A} = {38BB9D69-7801-34E3-846D-27BCCB4CB88A}
		{E37DD7A8-922B-3912-B8F9-D4BDDB4826DC} = {E37DD7A8-922B-3912-B8F9-D4BDDB4826DC}
		{5589BF66-C3B5-31F9-A86E-288060CFDD88} = {5589BF66-C3B5-31F9-A86E-288060CFDD88}
		{DE16306B-36FF-3949-891B-FD15D539BCE2} = {DE16306B-36FF-3949-891B-FD15D539BCE2}
		{6E78152E-D759-3697-85E5-E62F902F6F9F} = {6E78152E-D759-3697-85E5-E62F902F6F9F}
		{1CDE8450-19B4-3F7A-8D81-ED31F6D69905} = {1CDE8450-19B4-3F7A-8D81-ED31F6D69905}
		{054BA8EE-043D-3E57-A317-A58BD7D23D6A} = {054BA8EE-043D-3E57-A317-A58BD7D23D6A}
	EndProjectSection
EndProject
Project("{8BC9CEB8-8B4A-11D0-8D11-00A0C91BC942}") = "CallbackMaker", "CallbackMaker.vcxproj", "{81ACC19A-AF02-32E8-B6CF-D528C795BC26}"
	ProjectSection(ProjectDependencies) = postProject
		{A373FDA5-D24F-3173-BD4A-FC731BAA033D} = {A373FDA5-D24F-3173-BD4A-FC731BAA033D}
		{063428C1-F264-3AC3-8AED-D8C7134EB47C} = {063428C1-F264-3AC3-8AED-D8C7134EB47C}
	EndProjectSection
EndProject
Project("{8BC9CEB8-8B4A-11D0-8D11-00A0C91BC942}") = "CallbackMaker_static", "CallbackMaker_static.vcxproj", "{9C6CCC5C-EF00-305E-8C88-749FA057CD2C}"
	ProjectSection(ProjectDependencies) = postProject
		{A373FDA5-D24F-3173-BD4A-FC731BAA033D} = {A373FDA5-D24F-3173-BD4A-FC731BAA033D}
		{A4498479-ECED-3C6F-BFC2-60D37F4A8670} = {A4498479-ECED-3C6F-BFC2-60D37F4A8670}
	EndProjectSection
EndProject
Project("{8BC9CEB8-8B4A-11D0-8D11-00A0C91BC942}") = "Fractals", "Fractals.vcxproj", "{EFB0B14E-2AC8-347B-AFA1-958289ED9682}"
	ProjectSection(ProjectDependencies) = postProject
		{A373FDA5-D24F-3173-BD4A-FC731BAA033D} = {A373FDA5-D24F-3173-BD4A-FC731BAA033D}
		{063428C1-F264-3AC3-8AED-D8C7134EB47C} = {063428C1-F264-3AC3-8AED-D8C7134EB47C}
	EndProjectSection
EndProject
Project("{8BC9CEB8-8B4A-11D0-8D11-00A0C91BC942}") = "Fractals_random", "Fractals_random.vcxproj", "{7A26A6FC-2D8A-3F2C-A3E8-BA2264038937}"
	ProjectSection(ProjectDependencies) = postProject
		{A373FDA5-D24F-3173-BD4A-FC731BAA033D} = {A373FDA5-D24F-3173-BD4A-FC731BAA033D}
		{063428C1-F264-3AC3-8AED-D8C7134EB47C} = {063428C1-F264-3AC3-8AED-D8C7134EB47C}
	EndProjectSection
EndProject
Project("{8BC9CEB8-8B4A-11D0-8D11-00A0C91BC942}") = "Fractals_random_static", "Fractals_random_static.vcxproj", "{6E37C931-7ED6-33BC-A9D8-865964258DD6}"
	ProjectSection(ProjectDependencies) = postProject
		{A373FDA5-D24F-3173-BD4A-FC731BAA033D} = {A373FDA5-D24F-3173-BD4A-FC731BAA033D}
		{A4498479-ECED-3C6F-BFC2-60D37F4A8670} = {A4498479-ECED-3C6F-BFC2-60D37F4A8670}
	EndProjectSection
EndProject
Project("{8BC9CEB8-8B4A-11D0-8D11-00A0C91BC942}") = "Fractals_static", "Fractals_static.vcxproj", "{8BFAABC1-F668-3C85-A3DA-CA392866C07A}"
	ProjectSection(ProjectDependencies) = postProject
		{A373FDA5-D24F-3173-BD4A-FC731BAA033D} = {A373FDA5-D24F-3173-BD4A-FC731BAA033D}
		{A4498479-ECED-3C6F-BFC2-60D37F4A8670} = {A4498479-ECED-3C6F-BFC2-60D37F4A8670}
	EndProjectSection
EndProject
Project("{8BC9CEB8-8B4A-11D0-8D11-00A0C91BC942}") = "INSTALL", "INSTALL.vcxproj", "{52EA328A-4FF7-3728-B94B-BE043475207C}"
	ProjectSection(ProjectDependencies) = postProject
		{CFF7BB5F-C7E9-3838-9A36-A940CD34E911} = {CFF7BB5F-C7E9-3838-9A36-A940CD34E911}
		{A373FDA5-D24F-3173-BD4A-FC731BAA033D} = {A373FDA5-D24F-3173-BD4A-FC731BAA033D}
	EndProjectSection
EndProject
Project("{8BC9CEB8-8B4A-11D0-8D11-00A0C91BC942}") = "Lorenz", "Lorenz.vcxproj", "{D3049AC3-B72D-3670-8E99-DF27F77EBAFE}"
	ProjectSection(ProjectDependencies) = postProject
		{A373FDA5-D24F-3173-BD4A-FC731BAA033D} = {A373FDA5-D24F-3173-BD4A-FC731BAA033D}
		{063428C1-F264-3AC3-8AED-D8C7134EB47C} = {063428C1-F264-3AC3-8AED-D8C7134EB47C}
	EndProjectSection
EndProject
Project("{8BC9CEB8-8B4A-11D0-8D11-00A0C91BC942}") = "Lorenz_static", "Lorenz_static.vcxproj", "{F7D57F57-0FCD-3E4A-8B1A-8F6C0E6CD404}"
	ProjectSection(ProjectDependencies) = postProject
		{A373FDA5-D24F-3173-BD4A-FC731BAA033D} = {A373FDA5-D24F-3173-BD4A-FC731BAA033D}
		{A4498479-ECED-3C6F-BFC2-60D37F4A8670} = {A4498479-ECED-3C6F-BFC2-60D37F4A8670}
	EndProjectSection
EndProject
Project("{8BC9CEB8-8B4A-11D0-8D11-00A0C91BC942}") = "One", "One.vcxproj", "{2199B046-B14C-3FB4-95D8-C70BF61F4BFB}"
	ProjectSection(ProjectDependencies) = postProject
		{A373FDA5-D24F-3173-BD4A-FC731BAA033D} = {A373FDA5-D24F-3173-BD4A-FC731BAA033D}
		{063428C1-F264-3AC3-8AED-D8C7134EB47C} = {063428C1-F264-3AC3-8AED-D8C7134EB47C}
	EndProjectSection
EndProject
Project("{8BC9CEB8-8B4A-11D0-8D11-00A0C91BC942}") = "One_static", "One_static.vcxproj", "{AC7BEE24-8B50-3A38-8CC7-19E3F76E5B43}"
	ProjectSection(ProjectDependencies) = postProject
		{A373FDA5-D24F-3173-BD4A-FC731BAA033D} = {A373FDA5-D24F-3173-BD4A-FC731BAA033D}
		{A4498479-ECED-3C6F-BFC2-60D37F4A8670} = {A4498479-ECED-3C6F-BFC2-60D37F4A8670}
	EndProjectSection
EndProject
Project("{8BC9CEB8-8B4A-11D0-8D11-00A0C91BC942}") = "Resizer", "Resizer.vcxproj", "{6B71ADF8-7A06-32F3-9337-FE27A9061A2B}"
	ProjectSection(ProjectDependencies) = postProject
		{A373FDA5-D24F-3173-BD4A-FC731BAA033D} = {A373FDA5-D24F-3173-BD4A-FC731BAA033D}
		{063428C1-F264-3AC3-8AED-D8C7134EB47C} = {063428C1-F264-3AC3-8AED-D8C7134EB47C}
	EndProjectSection
EndProject
Project("{8BC9CEB8-8B4A-11D0-8D11-00A0C91BC942}") = "Resizer_static", "Resizer_static.vcxproj", "{07767FF7-51F3-305A-8B63-EA31D62B31AE}"
	ProjectSection(ProjectDependencies) = postProject
		{A373FDA5-D24F-3173-BD4A-FC731BAA033D} = {A373FDA5-D24F-3173-BD4A-FC731BAA033D}
		{A4498479-ECED-3C6F-BFC2-60D37F4A8670} = {A4498479-ECED-3C6F-BFC2-60D37F4A8670}
	EndProjectSection
EndProject
Project("{8BC9CEB8-8B4A-11D0-8D11-00A0C91BC942}") = "ZERO_CHECK", "ZERO_CHECK.vcxproj", "{A373FDA5-D24F-3173-BD4A-FC731BAA033D}"
	ProjectSection(ProjectDependencies) = postProject
	EndProjectSection
EndProject
Project("{8BC9CEB8-8B4A-11D0-8D11-00A0C91BC942}") = "freeglut", "freeglut.vcxproj", "{063428C1-F264-3AC3-8AED-D8C7134EB47C}"
	ProjectSection(ProjectDependencies) = postProject
		{A373FDA5-D24F-3173-BD4A-FC731BAA033D} = {A373FDA5-D24F-3173-BD4A-FC731BAA033D}
	EndProjectSection
EndProject
Project("{8BC9CEB8-8B4A-11D0-8D11-00A0C91BC942}") = "freeglut_static", "freeglut_static.vcxproj", "{A4498479-ECED-3C6F-BFC2-60D37F4A8670}"
	ProjectSection(ProjectDependencies) = postProject
		{A373FDA5-D24F-3173-BD4A-FC731BAA033D} = {A373FDA5-D24F-3173-BD4A-FC731BAA033D}
	EndProjectSection
EndProject
Project("{8BC9CEB8-8B4A-11D0-8D11-00A0C91BC942}") = "multi-touch", "multi-touch.vcxproj", "{3CD2E15A-B7AC-3BA6-9C29-408AB48A1662}"
	ProjectSection(ProjectDependencies) = postProject
		{A373FDA5-D24F-3173-BD4A-FC731BAA033D} = {A373FDA5-D24F-3173-BD4A-FC731BAA033D}
		{063428C1-F264-3AC3-8AED-D8C7134EB47C} = {063428C1-F264-3AC3-8AED-D8C7134EB47C}
	EndProjectSection
EndProject
Project("{8BC9CEB8-8B4A-11D0-8D11-00A0C91BC942}") = "multi-touch_static", "multi-touch_static.vcxproj", "{5E581A7B-5980-3291-B19C-C3F262DB707D}"
	ProjectSection(ProjectDependencies) = postProject
		{A373FDA5-D24F-3173-BD4A-FC731BAA033D} = {A373FDA5-D24F-3173-BD4A-FC731BAA033D}
		{A4498479-ECED-3C6F-BFC2-60D37F4A8670} = {A4498479-ECED-3C6F-BFC2-60D37F4A8670}
	EndProjectSection
EndProject
Project("{8BC9CEB8-8B4A-11D0-8D11-00A0C91BC942}") = "shapes", "shapes.vcxproj", "{2FFAB410-A6F0-31DB-ACB6-F1885EF7A82E}"
	ProjectSection(ProjectDependencies) = postProject
		{A373FDA5-D24F-3173-BD4A-FC731BAA033D} = {A373FDA5-D24F-3173-BD4A-FC731BAA033D}
		{063428C1-F264-3AC3-8AED-D8C7134EB47C} = {063428C1-F264-3AC3-8AED-D8C7134EB47C}
	EndProjectSection
EndProject
Project("{8BC9CEB8-8B4A-11D0-8D11-00A0C91BC942}") = "shapes_static", "shapes_static.vcxproj", "{EA3F36B0-2D8F-3519-B5FA-0D534C76CD43}"
	ProjectSection(ProjectDependencies) = postProject
		{A373FDA5-D24F-3173-BD4A-FC731BAA033D} = {A373FDA5-D24F-3173-BD4A-FC731BAA033D}
		{A4498479-ECED-3C6F-BFC2-60D37F4A8670} = {A4498479-ECED-3C6F-BFC2-60D37F4A8670}
	EndProjectSection
EndProject
Project("{8BC9CEB8-8B4A-11D0-8D11-00A0C91BC942}") = "smooth_opengl3", "smooth_opengl3.vcxproj", "{F67B06E9-A4AB-3BEF-A5B2-20790C84103F}"
	ProjectSection(ProjectDependencies) = postProject
		{A373FDA5-D24F-3173-BD4A-FC731BAA033D} = {A373FDA5-D24F-3173-BD4A-FC731BAA033D}
		{063428C1-F264-3AC3-8AED-D8C7134EB47C} = {063428C1-F264-3AC3-8AED-D8C7134EB47C}
	EndProjectSection
EndProject
Project("{8BC9CEB8-8B4A-11D0-8D11-00A0C91BC942}") = "smooth_opengl3_static", "smooth_opengl3_static.vcxproj", "{38BB9D69-7801-34E3-846D-27BCCB4CB88A}"
	ProjectSection(ProjectDependencies) = postProject
		{A373FDA5-D24F-3173-BD4A-FC731BAA033D} = {A373FDA5-D24F-3173-BD4A-FC731BAA033D}
		{A4498479-ECED-3C6F-BFC2-60D37F4A8670} = {A4498479-ECED-3C6F-BFC2-60D37F4A8670}
	EndProjectSection
EndProject
Project("{8BC9CEB8-8B4A-11D0-8D11-00A0C91BC942}") = "subwin", "subwin.vcxproj", "{E37DD7A8-922B-3912-B8F9-D4BDDB4826DC}"
	ProjectSection(ProjectDependencies) = postProject
		{A373FDA5-D24F-3173-BD4A-FC731BAA033D} = {A373FDA5-D24F-3173-BD4A-FC731BAA033D}
		{063428C1-F264-3AC3-8AED-D8C7134EB47C} = {063428C1-F264-3AC3-8AED-D8C7134EB47C}
	EndProjectSection
EndProject
Project("{8BC9CEB8-8B4A-11D0-8D11-00A0C91BC942}") = "subwin_static", "subwin_static.vcxproj", "{5589BF66-C3B5-31F9-A86E-288060CFDD88}"
	ProjectSection(ProjectDependencies) = postProject
		{A373FDA5-D24F-3173-BD4A-FC731BAA033D} = {A373FDA5-D24F-3173-BD4A-FC731BAA033D}
		{A4498479-ECED-3C6F-BFC2-60D37F4A8670} = {A4498479-ECED-3C6F-BFC2-60D37F4A8670}
	EndProjectSection
EndProject
Project("{8BC9CEB8-8B4A-11D0-8D11-00A0C91BC942}") = "timer", "timer.vcxproj", "{DE16306B-36FF-3949-891B-FD15D539BCE2}"
	ProjectSection(ProjectDependencies) = postProject
		{A373FDA5-D24F-3173-BD4A-FC731BAA033D} = {A373FDA5-D24F-3173-BD4A-FC731BAA033D}
		{063428C1-F264-3AC3-8AED-D8C7134EB47C} = {063428C1-F264-3AC3-8AED-D8C7134EB47C}
	EndProjectSection
EndProject
Project("{8BC9CEB8-8B4A-11D0-8D11-00A0C91BC942}") = "timer_callback", "timer_callback.vcxproj", "{6E78152E-D759-3697-85E5-E62F902F6F9F}"
	ProjectSection(ProjectDependencies) = postProject
		{A373FDA5-D24F-3173-BD4A-FC731BAA033D} = {A373FDA5-D24F-3173-BD4A-FC731BAA033D}
		{063428C1-F264-3AC3-8AED-D8C7134EB47C} = {063428C1-F264-3AC3-8AED-D8C7134EB47C}
	EndProjectSection
EndProject
Project("{8BC9CEB8-8B4A-11D0-8D11-00A0C91BC942}") = "timer_callback_static", "timer_callback_static.vcxproj", "{1CDE8450-19B4-3F7A-8D81-ED31F6D69905}"
	ProjectSection(ProjectDependencies) = postProject
		{A373FDA5-D24F-3173-BD4A-FC731BAA033D} = {A373FDA5-D24F-3173-BD4A-FC731BAA033D}
		{A4498479-ECED-3C6F-BFC2-60D37F4A8670} = {A4498479-ECED-3C6F-BFC2-60D37F4A8670}
	EndProjectSection
EndProject
Project("{8BC9CEB8-8B4A-11D0-8D11-00A0C91BC942}") = "timer_static", "timer_static.vcxproj", "{054BA8EE-043D-3E57-A317-A58BD7D23D6A}"
	ProjectSection(ProjectDependencies) = postProject
		{A373FDA5-D24F-3173-BD4A-FC731BAA033D} = {A373FDA5-D24F-3173-BD4A-FC731BAA033D}
		{A4498479-ECED-3C6F-BFC2-60D37F4A8670} = {A4498479-ECED-3C6F-BFC2-60D37F4A8670}
	EndProjectSection
EndProject
Global
	GlobalSection(SolutionConfigurationPlatforms) = preSolution
		Debug|Win32 = Debug|Win32
		Release|Win32 = Release|Win32
	EndGlobalSection
	GlobalSection(ProjectConfigurationPlatforms) = postSolution
		{CFF7BB5F-C7E9-3838-9A36-A940CD34E911}.Debug|Win32.ActiveCfg = Debug|Win32
		{CFF7BB5F-C7E9-3838-9A36-A940CD34E911}.Debug|Win32.Build.0 = Debug|Win32
		{CFF7BB5F-C7E9-3838-9A36-A940CD34E911}.Release|Win32.ActiveCfg = Release|Win32
		{CFF7BB5F-C7E9-3838-9A36-A940CD34E911}.Release|Win32.Build.0 = Release|Win32
		{81ACC19A-AF02-32E8-B6CF-D528C795BC26}.Debug|Win32.ActiveCfg = Debug|Win32
		{81ACC19A-AF02-32E8-B6CF-D528C795BC26}.Debug|Win32.Build.0 = Debug|Win32
		{81ACC19A-AF02-32E8-B6CF-D528C795BC26}.Release|Win32.ActiveCfg = Release|Win32
		{81ACC19A-AF02-32E8-B6CF-D528C795BC26}.Release|Win32.Build.0 = Release|Win32
		{9C6CCC5C-EF00-305E-8C88-749FA057CD2C}.Debug|Win32.ActiveCfg = Debug|Win32
		{9C6CCC5C-EF00-305E-8C88-749FA057CD2C}.Debug|Win32.Build.0 = Debug|Win32
		{9C6CCC5C-EF00-305E-8C88-749FA057CD2C}.Release|Win32.ActiveCfg = Release|Win32
		{9C6CCC5C-EF00-305E-8C88-749FA057CD2C}.Release|Win32.Build.0 = Release|Win32
		{EFB0B14E-2AC8-347B-AFA1-958289ED9682}.Debug|Win32.ActiveCfg = Debug|Win32
		{EFB0B14E-2AC8-347B-AFA1-958289ED9682}.Debug|Win32.Build.0 = Debug|Win32
		{EFB0B14E-2AC8-347B-AFA1-958289ED9682}.Release|Win32.ActiveCfg = Release|Win32
		{EFB0B14E-2AC8-347B-AFA1-958289ED9682}.Release|Win32.Build.0 = Release|Win32
		{7A26A6FC-2D8A-3F2C-A3E8-BA2264038937}.Debug|Win32.ActiveCfg = Debug|Win32
		{7A26A6FC-2D8A-3F2C-A3E8-BA2264038937}.Debug|Win32.Build.0 = Debug|Win32
		{7A26A6FC-2D8A-3F2C-A3E8-BA2264038937}.Release|Win32.ActiveCfg = Release|Win32
		{7A26A6FC-2D8A-3F2C-A3E8-BA2264038937}.Release|Win32.Build.0 = Release|Win32
		{6E37C931-7ED6-33BC-A9D8-865964258DD6}.Debug|Win32.ActiveCfg = Debug|Win32
		{6E37C931-7ED6-33BC-A9D8-865964258DD6}.Debug|Win32.Build.0 = Debug|Win32
		{6E37C931-7ED6-33BC-A9D8-865964258DD6}.Release|Win32.ActiveCfg = Release|Win32
		{6E37C931-7ED6-33BC-A9D8-865964258DD6}.Release|Win32.Build.0 = Release|Win32
		{8BFAABC1-F668-3C85-A3DA-CA392866C07A}.Debug|Win32.ActiveCfg = Debug|Win32
		{8BFAABC1-F668-3C85-A3DA-CA392866C07A}.Debug|Win32.Build.0 = Debug|Win32
		{8BFAABC1-F668-3C85-A3DA-CA392866C07A}.Release|Win32.ActiveCfg = Release|Win32
		{8BFAABC1-F668-3C85-A3DA-CA392866C07A}.Release|Win32.Build.0 = Release|Win32
		{52EA328A-4FF7-3728-B94B-BE043475207C}.Debug|Win32.ActiveCfg = Debug|Win32
		{52EA328A-4FF7-3728-B94B-BE043475207C}.Release|Win32.ActiveCfg = Release|Win32
		{D3049AC3-B72D-3670-8E99-DF27F77EBAFE}.Debug|Win32.ActiveCfg = Debug|Win32
		{D3049AC3-B72D-3670-8E99-DF27F77EBAFE}.Debug|Win32.Build.0 = Debug|Win32
		{D3049AC3-B72D-3670-8E99-DF27F77EBAFE}.Release|Win32.ActiveCfg = Release|Win32
		{D3049AC3-B72D-3670-8E99-DF27F77EBAFE}.Release|Win32.Build.0 = Release|Win32
		{F7D57F57-0FCD-3E4A-8B1A-8F6C0E6CD404}.Debug|Win32.ActiveCfg = Debug|Win32
		{F7D57F57-0FCD-3E4A-8B1A-8F6C0E6CD404}.Debug|Win32.Build.0 = Debug|Win32
		{F7D57F57-0FCD-3E4A-8B1A-8F6C0E6CD404}.Release|Win32.ActiveCfg = Release|Win32
		{F7D57F57-0FCD-3E4A-8B1A-8F6C0E6CD404}.Release|Win32.Build.0 = Release|Win32
		{2199B046-B14C-3FB4-95D8-C70BF61F4BFB}.Debug|Win32.ActiveCfg = Debug|Win32
		{2199B046-B14C-3FB4-95D8-C70BF61F4BFB}.Debug|Win32.Build.0 = Debug|Win32
		{2199B046-B14C-3FB4-95D8-C70BF61F4BFB}.Release|Win32.ActiveCfg = Release|Win32
		{2199B046-B14C-3FB4-95D8-C70BF61F4BFB}.Release|Win32.Build.0 = Release|Win32
		{AC7BEE24-8B50-3A38-8CC7-19E3F76E5B43}.Debug|Win32.ActiveCfg = Debug|Win32
		{AC7BEE24-8B50-3A38-8CC7-19E3F76E5B43}.Debug|Win32.Build.0 = Debug|Win32
		{AC7BEE24-8B50-3A38-8CC7-19E3F76E5B43}.Release|Win32.ActiveCfg = Release|Win32
		{AC7BEE24-8B50-3A38-8CC7-19E3F76E5B43}.Release|Win32.Build.0 = Release|Win32
		{6B71ADF8-7A06-32F3-9337-FE27A9061A2B}.Debug|Win32.ActiveCfg = Debug|Win32
		{6B71ADF8-7A06-32F3-9337-FE27A9061A2B}.Debug|Win32.Build.0 = Debug|Win32
		{6B71ADF8-7A06-32F3-9337-FE27A9061A2B}.Release|Win32.ActiveCfg = Release|Win32
		{6B71ADF8-7A06-32F3-9337-FE27A9061A2B}.Release|Win32.Build.0 = Release|Win32
		{07767FF7-51F3-305A-8B63-EA31D62B31AE}.Debug|Win32.ActiveCfg = Debug|Win32
		{07767FF7-51F3-305A-8B63-EA31D62B31AE}.Debug|Win32.Build.0 = Debug|Win32
		{07767FF7-51F3-305A-8B63-EA31D62B31AE}.Release|Win32.ActiveCfg = Release|Win32
		{07767FF7-51F3-305A-8B63-EA31D62B31AE}.Release|Win32.Build.0 = Release|Win32
		{A373FDA5-D24F-3173-BD4A-FC731BAA033D}.Debug|Win32.ActiveCfg = Debug|Win32
		{A373FDA5-D24F-3173-BD4A-FC731BAA033D}.Debug|Win32.Build.0 = Debug|Win32
		{A373FDA5-D24F-3173-BD4A-FC731BAA033D}.Release|Win32.ActiveCfg = Release|Win32
		{A373FDA5-D24F-3173-BD4A-FC731BAA033D}.Release|Win32.Build.0 = Release|Win32
		{063428C1-F264-3AC3-8AED-D8C7134EB47C}.Debug|Win32.ActiveCfg = Debug|Win32
		{063428C1-F264-3AC3-8AED-D8C7134EB47C}.Debug|Win32.Build.0 = Debug|Win32
		{063428C1-F264-3AC3-8AED-D8C7134EB47C}.Release|Win32.ActiveCfg = Release|Win32
		{063428C1-F264-3AC3-8AED-D8C7134EB47C}.Release|Win32.Build.0 = Release|Win32
		{A4498479-ECED-3C6F-BFC2-60D37F4A8670}.Debug|Win32.ActiveCfg = Debug|Win32
		{A4498479-ECED-3C6F-BFC2-60D37F4A8670}.Debug|Win32.Build.0 = Debug|Win32
		{A4498479-ECED-3C6F-BFC2-60D37F4A8670}.Release|Win32.ActiveCfg = Release|Win32
		{A4498479-ECED-3C6F-BFC2-60D37F4A8670}.Release|Win32.Build.0 = Release|Win32
		{3CD2E15A-B7AC-3BA6-9C29-408AB48A1662}.Debug|Win32.ActiveCfg = Debug|Win32
		{3CD2E15A-B7AC-3BA6-9C29-408AB48A1662}.Debug|Win32.Build.0 = Debug|Win32
		{3CD2E15A-B7AC-3BA6-9C29-408AB48A1662}.Release|Win32.ActiveCfg = Release|Win32
		{3CD2E15A-B7AC-3BA6-9C29-408AB48A1662}.Release|Win32.Build.0 = Release|Win32
		{5E581A7B-5980-3291-B19C-C3F262DB707D}.Debug|Win32.ActiveCfg = Debug|Win32
		{5E581A7B-5980-3291-B19C-C3F262DB707D}.Debug|Win32.Build.0 = Debug|Win32
		{5E581A7B-5980-3291-B19C-C3F262DB707D}.Release|Win32.ActiveCfg = Release|Win32
		{5E581A7B-5980-3291-B19C-C3F262DB707D}.Release|Win32.Build.0 = Release|Win32
		{2FFAB410-A6F0-31DB-ACB6-F1885EF7A82E}.Debug|Win32.ActiveCfg = Debug|Win32
		{2FFAB410-A6F0-31DB-ACB6-F1885EF7A82E}.Debug|Win32.Build.0 = Debug|Win32
		{2FFAB410-A6F0-31DB-ACB6-F1885EF7A82E}.Release|Win32.ActiveCfg = Release|Win32
		{2FFAB410-A6F0-31DB-ACB6-F1885EF7A82E}.Release|Win32.Build.0 = Release|Win32
		{EA3F36B0-2D8F-3519-B5FA-0D534C76CD43}.Debug|Win32.ActiveCfg = Debug|Win32
		{EA3F36B0-2D8F-3519-B5FA-0D534C76CD43}.Debug|Win32.Build.0 = Debug|Win32
		{EA3F36B0-2D8F-3519-B5FA-0D534C76CD43}.Release|Win32.ActiveCfg = Release|Win32
		{EA3F36B0-2D8F-3519-B5FA-0D534C76CD43}.Release|Win32.Build.0 = Release|Win32
		{F67B06E9-A4AB-3BEF-A5B2-20790C84103F}.Debug|Win32.ActiveCfg = Debug|Win32
		{F67B06E9-A4AB-3BEF-A5B2-20790C84103F}.Debug|Win32.Build.0 = Debug|Win32
		{F67B06E9-A4AB-3BEF-A5B2-20790C84103F}.Release|Win32.ActiveCfg = Release|Win32
		{F67B06E9-A4AB-3BEF-A5B2-20790C84103F}.Release|Win32.Build.0 = Release|Win32
		{38BB9D69-7801-34E3-846D-27BCCB4CB88A}.Debug|Win32.ActiveCfg = Debug|Win32
		{38BB9D69-7801-34E3-846D-27BCCB4CB88A}.Debug|Win32.Build.0 = Debug|Win32
		{38BB9D69-7801-34E3-846D-27BCCB4CB88A}.Release|Win32.ActiveCfg = Release|Win32
		{38BB9D69-7801-34E3-846D-27BCCB4CB88A}.Release|Win32.Build.0 = Release|Win32
		{E37DD7A8-922B-3912-B8F9-D4BDDB4826DC}.Debug|Win32.ActiveCfg = Debug|Win32
		{E37DD7A8-922B-3912-B8F9-D4BDDB4826DC}.Debug|Win32.Build.0 = Debug|Win32
		{E37DD7A8-922B-3912-B8F9-D4BDDB4826DC}.Release|Win32.ActiveCfg = Release|Win32
		{E37DD7A8-922B-3912-B8F9-D4BDDB4826DC}.Release|Win32.Build.0 = Release|Win32
		{5589BF66-C3B5-31F9-A86E-288060CFDD88}.Debug|Win32.ActiveCfg = Debug|Win32
		{5589BF66-C3B5-31F9-A86E-288060CFDD88}.Debug|Win32.Build.0 = Debug|Win32
		{5589BF66-C3B5-31F9-A86E-288060CFDD88}.Release|Win32.ActiveCfg = Release|Win32
		{5589BF66-C3B5-31F9-A86E-288060CFDD88}.Release|Win32.Build.0 = Release|Win32
		{DE16306B-36FF-3949-891B-FD15D539BCE2}.Debug|Win32.ActiveCfg = Debug|Win32
		{DE16306B-36FF-3949-891B-FD15D539BCE2}.Debug|Win32.Build.0 = Debug|Win32
		{DE16306B-36FF-3949-891B-FD15D539BCE2}.Release|Win32.ActiveCfg = Release|Win32
		{DE16306B-36FF-3949-891B-FD15D539BCE2}.Release|Win32.Build.0 = Release|Win32
		{6E78152E-D759-3697-85E5-E62F902F6F9F}.Debug|Win32.ActiveCfg = Debug|Win32
		{6E78152E-D759-3697-85E5-E62F902F6F9F}.Debug|Win32.Build.0 = Debug|Win32
		{6E78152E-D759-3697-85E5-E62F902F6F9F}.Release|Win32.ActiveCfg = Release|Win32
		{6E78152E-D759-3697-85E5-E62F902F6F9F}.Release|Win32.Build.0 = Release|Win32
		{1CDE8450-19B4-3F7A-8D81-ED31F6D69905}.Debug|Win32.ActiveCfg = Debug|Win32
		{1CDE8450-19B4-3F7A-8D81-ED31F6D69905}.Debug|Win32.Build.0 = Debug|Win32
		{1CDE8450-19B4-3F7A-8D81-ED31F6D69905}.Release|Win32.ActiveCfg = Release|Win32
		{1CDE8450-19B4-3F7A-8D81-ED31F6D69905}.Release|Win32.Build.0 = Release|Win32
		{054BA8EE-043D-3E57-A317-A58BD7D23D6A}.Debug|Win32.ActiveCfg = Debug|Win32
		{054BA8EE-043D-3E57-A317-A58BD7D23D6A}.Debug|Win32.Build.0 = Debug|Win32
		{054BA8EE-043D-3E57-A317-A58BD7D23D6A}.Release|Win32.ActiveCfg = Release|Win32
		{054BA8EE-043D-3E57-A317-A58BD7D23D6A}.Release|Win32.Build.0 = Release|Win32
	EndGlobalSection
	GlobalSection(ExtensibilityGlobals) = postSolution
		SolutionGuid = {29173777-5ADB-3FBB-9031-C81F3744C541}
	EndGlobalSection
	GlobalSection(ExtensibilityAddIns) = postSolution
	EndGlobalSection
EndGlobal
