<?xml version="1.0" encoding="utf-8"?>
<Project ToolsVersion="15.0" xmlns="http://schemas.microsoft.com/developer/msbuild/2003">
  <ItemGroup>
    <ClCompile Include="C:\Data\Dropbox (BIU)\Teaching\Computer Graphics\HW Assignments\HW1\freeglut\progs\demos\shapes\shapes.c">
      <Filter>Source Files</Filter>
    </ClCompile>
    <ClCompile Include="C:\Data\Dropbox (BIU)\Teaching\Computer Graphics\HW Assignments\HW1\freeglut\progs\demos\shapes\glmatrix.c">
      <Filter>Source Files</Filter>
    </ClCompile>
  </ItemGroup>
  <ItemGroup>
    <ClInclude Include="C:\Data\Dropbox (BIU)\Teaching\Computer Graphics\HW Assignments\HW1\freeglut\progs\demos\shapes\glmatrix.h">
      <Filter>Header Files</Filter>
    </ClInclude>
  </ItemGroup>
  <ItemGroup>
    <CustomBuild Include="C:\Data\Dropbox (BIU)\Teaching\Computer Graphics\HW Assignments\HW1\freeglut\CMakeLists.txt" />
  </ItemGroup>
  <ItemGroup>
    <Filter Include="Header Files">
      <UniqueIdentifier>{F3A69CCD-C930-3E17-9DC9-A75AF49C50B4}</UniqueIdentifier>
    </Filter>
    <Filter Include="Source Files">
      <UniqueIdentifier>{62C94A88-DB43-3808-B6DA-34C20BCF726F}</UniqueIdentifier>
    </Filter>
  </ItemGroup>
</Project>
