<?xml version="1.0" encoding="utf-8"?>
<Project ToolsVersion="15.0" xmlns="http://schemas.microsoft.com/developer/msbuild/2003">
  <ItemGroup>
    <CustomBuild Include="C:\Data\Dropbox (BIU)\Teaching\Computer Graphics\HW Assignments\HW1\freeglut\CMakeFiles\c776af50ccaa4dfbcb370160bbf58e7a\generate.stamp.rule">
      <Filter>CMake Rules</Filter>
    </CustomBuild>
  </ItemGroup>
  <ItemGroup>
    <Filter Include="CMake Rules">
      <UniqueIdentifier>{796A78E8-3C84-360A-97AD-31A12BB32755}</UniqueIdentifier>
    </Filter>
  </ItemGroup>
</Project>
